
Microsoft Visual Studio Solution File, Format Version 12.00
# Visual Studio Version 17
VisualStudioVersion = 17.8.34511.84
MinimumVisualStudioVersion = 10.0.40219.1
Project("{FAE04EC0-301F-11D3-BF4B-00C04F79EFBC}") = "khanhhung_tuan2", "khanhhung_tuan2\khanhhung_tuan2.csproj", "{6054E213-6FFE-4553-90E9-7457D79F47D8}"
EndProject
Global
	GlobalSection(SolutionConfigurationPlatforms) = preSolution
		Debug|Any CPU = Debug|Any CPU
		Release|Any CPU = Release|Any CPU
	EndGlobalSection
	GlobalSection(ProjectConfigurationPlatforms) = postSolution
		{6054E213-6FFE-4553-90E9-7457D79F47D8}.Debug|Any CPU.ActiveCfg = Debug|Any CPU
		{6054E213-6FFE-4553-90E9-7457D79F47D8}.Debug|Any CPU.Build.0 = Debug|Any CPU
		{6054E213-6FFE-4553-90E9-7457D79F47D8}.Release|Any CPU.ActiveCfg = Release|Any CPU
		{6054E213-6FFE-4553-90E9-7457D79F47D8}.Release|Any CPU.Build.0 = Release|Any CPU
	EndGlobalSection
	GlobalSection(SolutionProperties) = preSolution
		HideSolutionNode = FALSE
	EndGlobalSection
	GlobalSection(ExtensibilityGlobals) = postSolution
		SolutionGuid = {D104EBFB-840B-4243-AAA5-38B7B88A3EF8}
	EndGlobalSection
EndGlobal
